# THIS IS AN AUTOGENERATED FILE. DO NOT EDIT THIS FILE DIRECTLY.
# yarn lockfile v1


"@types/graphql@^0.9.1":
  version "0.9.4"
  resolved "https://registry.yarnpkg.com/@types/graphql/-/graphql-0.9.4.tgz#cdeb6bcbef9b6c584374b81aa7f48ecf3da404fa"

backo2@^1.0.2:
  version "1.0.2"
  resolved "https://registry.yarnpkg.com/backo2/-/backo2-1.0.2.tgz#31ab1ac8b129363463e35b3ebb69f4dfcfba7947"

es6-promise@^4.0.5:
  version "4.1.1"
  resolved "https://registry.yarnpkg.com/es6-promise/-/es6-promise-4.1.1.tgz#8811e90915d9a0dba36274f0b242dbda78f9c92a"

eventemitter3@^2.0.3:
  version "2.0.3"
  resolved "https://registry.yarnpkg.com/eventemitter3/-/eventemitter3-2.0.3.tgz#b5e1079b59fb5e1ba2771c0a993be060a58c99ba"

graphql-subscriptions@^0.4.4:
  version "0.4.4"
  resolved "https://registry.yarnpkg.com/graphql-subscriptions/-/graphql-subscriptions-0.4.4.tgz#39cff32d08dd3c990113864bab77154403727e9b"
  dependencies:
    "@types/graphql" "^0.9.1"
    es6-promise "^4.0.5"
    iterall "^1.1.1"

graphql-tag@^2.4.2:
  version "2.4.2"
  resolved "https://registry.yarnpkg.com/graphql-tag/-/graphql-tag-2.4.2.tgz#6a63297d8522d03a2b72d26f1b239aab343840cd"

graphql@^0.10.5:
  version "0.10.5"
  resolved "https://registry.yarnpkg.com/graphql/-/graphql-0.10.5.tgz#c9be17ca2bdfdbd134077ffd9bbaa48b8becd298"
  dependencies:
    iterall "^1.1.0"

iterall@^1.1.0, iterall@^1.1.1:
  version "1.1.1"
  resolved "https://registry.yarnpkg.com/iterall/-/iterall-1.1.1.tgz#f7f0af11e9a04ec6426260f5019d9fcca4d50214"

lodash.assign@^4.2.0:
  version "4.2.0"
  resolved "https://registry.yarnpkg.com/lodash.assign/-/lodash.assign-4.2.0.tgz#0d99f3ccd7a6d261d19bdaeb9245005d285808e7"

lodash.isobject@^3.0.2:
  version "3.0.2"
  resolved "https://registry.yarnpkg.com/lodash.isobject/-/lodash.isobject-3.0.2.tgz#3c8fb8d5b5bf4bf90ae06e14f2a530a4ed935e1d"

lodash.isstring@^4.0.1:
  version "4.0.1"
  resolved "https://registry.yarnpkg.com/lodash.isstring/-/lodash.isstring-4.0.1.tgz#d527dfb5456eca7cc9bb95d5daeaf88ba54a5451"

safe-buffer@~5.0.1:
  version "5.0.1"
  resolved "https://registry.yarnpkg.com/safe-buffer/-/safe-buffer-5.0.1.tgz#d263ca54696cd8a306b5ca6551e92de57918fbe7"

subscriptions-transport-ws@^0.8.1:
  version "0.8.1"
  resolved "https://registry.yarnpkg.com/subscriptions-transport-ws/-/subscriptions-transport-ws-0.8.1.tgz#c0e3205fac1f2b09a56cdc31b5aef18ba4641d39"
  dependencies:
    backo2 "^1.0.2"
    eventemitter3 "^2.0.3"
    graphql-subscriptions "^0.4.4"
    graphql-tag "^2.4.2"
    iterall "^1.1.1"
    lodash.assign "^4.2.0"
    lodash.isobject "^3.0.2"
    lodash.isstring "^4.0.1"
    ws "^3.0.0"

ultron@~1.1.0:
  version "1.1.0"
  resolved "https://registry.yarnpkg.com/ultron/-/ultron-1.1.0.tgz#b07a2e6a541a815fc6a34ccd4533baec307ca864"

ws@^3.0.0:
  version "3.0.0"
  resolved "https://registry.yarnpkg.com/ws/-/ws-3.0.0.tgz#98ddb00056c8390cb751e7788788497f99103b6c"
  dependencies:
    safe-buffer "~5.0.1"
    ultron "~1.1.0"
